PODS:
  - LeakDetector (1.0.0):
    - LeakDetector/Core (= 1.0.0)
    - RxCocoa (~> 5.0)
    - RxSwift (~> 5.0)
  - LeakDetector/Core (1.0.0):
    - RxCocoa (~> 5.0)
    - RxSwift (~> 5.0)
  - RxCocoa (5.1.1):
    - RxRelay (~> 5)
    - RxSwift (~> 5)
  - RxRelay (5.1.1):
    - RxSwift (~> 5)
  - RxSwift (5.1.1)

DEPENDENCIES:
  - LeakDetector (from `LeakDetector.podspec`)

SPEC REPOS:
  trunk:
    - RxCocoa
    - RxRelay
    - RxSwift

EXTERNAL SOURCES:
  LeakDetector:
    :path: LeakDetector.podspec

SPEC CHECKSUMS:
  LeakDetector: abe0323026f2e83a48207b0d45337b7f379a5007
  RxCocoa: 32065309a38d29b5b0db858819b5bf9ef038b601
  RxRelay: d77f7d771495f43c556cbc43eebd1bb54d01e8e9
  RxSwift: 81470a2074fa8780320ea5fe4102807cb7118178

PODFILE CHECKSUM: f017772122888b452826fcf8290dd354a47416dc

COCOAPODS: 1.9.3
